// !$*UTF8*$!
{
	archiveVersion = 1;
	classes = {
	};
	objectVersion = 50;
	objects = {

/* Begin PBXBuildFile section */
		091F967C23DAA5B500938F78 /* GridMask.swift in Sources */ = {isa = PBXBuildFile; fileRef = 091F967B23DAA5B500938F78 /* GridMask.swift */; };
		095F0F9B23D9C25700520252 /* AppDelegate.swift in Sources */ = {isa = PBXBuildFile; fileRef = 095F0F9A23D9C25700520252 /* AppDelegate.swift */; };
		095F0F9D23D9C25700520252 /* SceneDelegate.swift in Sources */ = {isa = PBXBuildFile; fileRef = 095F0F9C23D9C25700520252 /* SceneDelegate.swift */; };
		095F0F9F23D9C25700520252 /* ViewController.swift in Sources */ = {isa = PBXBuildFile; fileRef = 095F0F9E23D9C25700520252 /* ViewController.swift */; };
		095F0FA223D9C25700520252 /* Main.storyboard in Resources */ = {isa = PBXBuildFile; fileRef = 095F0FA023D9C25700520252 /* Main.storyboard */; };
		095F0FA423D9C25900520252 /* Assets.xcassets in Resources */ = {isa = PBXBuildFile; fileRef = 095F0FA323D9C25900520252 /* Assets.xcassets */; };
		095F0FA723D9C25900520252 /* LaunchScreen.storyboard in Resources */ = {isa = PBXBuildFile; fileRef = 095F0FA523D9C25900520252 /* LaunchScreen.storyboard */; };
		095F0FAF23D9D4CE00520252 /* SizeTools.swift in Sources */ = {isa = PBXBuildFile; fileRef = 095F0FAE23D9D4CE00520252 /* SizeTools.swift */; };
		095F0FB123D9FAD400520252 /* GridView.swift in Sources */ = {isa = PBXBuildFile; fileRef = 095F0FB023D9FAD400520252 /* GridView.swift */; };
		095F0FB323D9FAF300520252 /* GridView.xib in Resources */ = {isa = PBXBuildFile; fileRef = 095F0FB223D9FAF300520252 /* GridView.xib */; };
		095F0FB523DA006E00520252 /* ActiveLine.swift in Sources */ = {isa = PBXBuildFile; fileRef = 095F0FB423DA006E00520252 /* ActiveLine.swift */; };
		095F116723DA14D500520252 /* RxCocoa.framework in Frameworks */ = {isa = PBXBuildFile; fileRef = 095F114B23DA132F00520252 /* RxCocoa.framework */; };
		095F116823DA14D500520252 /* RxCocoa.framework in Embed Frameworks */ = {isa = PBXBuildFile; fileRef = 095F114B23DA132F00520252 /* RxCocoa.framework */; settings = {ATTRIBUTES = (CodeSignOnCopy, RemoveHeadersOnCopy, ); }; };
		095F116923DA14D500520252 /* RxSwift.framework in Frameworks */ = {isa = PBXBuildFile; fileRef = 095F114923DA132F00520252 /* RxSwift.framework */; };
		095F116A23DA14D600520252 /* RxSwift.framework in Embed Frameworks */ = {isa = PBXBuildFile; fileRef = 095F114923DA132F00520252 /* RxSwift.framework */; settings = {ATTRIBUTES = (CodeSignOnCopy, RemoveHeadersOnCopy, ); }; };
		095F116C23DA159200520252 /* RxRelay.framework in Frameworks */ = {isa = PBXBuildFile; fileRef = 095F114D23DA132F00520252 /* RxRelay.framework */; };
		095F116D23DA159200520252 /* RxRelay.framework in Embed Frameworks */ = {isa = PBXBuildFile; fileRef = 095F114D23DA132F00520252 /* RxRelay.framework */; settings = {ATTRIBUTES = (CodeSignOnCopy, RemoveHeadersOnCopy, ); }; };
		09CBE53C23DC2E6700746D57 /* LayerManager.swift in Sources */ = {isa = PBXBuildFile; fileRef = 09CBE53B23DC2E6700746D57 /* LayerManager.swift */; };
		09CBE54823DC341C00746D57 /* DropDown.swift in Sources */ = {isa = PBXBuildFile; fileRef = 09CBE54723DC341C00746D57 /* DropDown.swift */; };
		09CBE54A23DC727C00746D57 /* LayerCollectionCell.swift in Sources */ = {isa = PBXBuildFile; fileRef = 09CBE54923DC727C00746D57 /* LayerCollectionCell.swift */; };
/* End PBXBuildFile section */

/* Begin PBXContainerItemProxy section */
		095F114823DA132F00520252 /* PBXContainerItemProxy */ = {
			isa = PBXContainerItemProxy;
			containerPortal = 095F113B23DA132F00520252 /* Rx.xcodeproj */;
			proxyType = 2;
			remoteGlobalIDString = C8A56AD71AD7424700B4673B;
			remoteInfo = RxSwift;
		};
		095F114A23DA132F00520252 /* PBXContainerItemProxy */ = {
			isa = PBXContainerItemProxy;
			containerPortal = 095F113B23DA132F00520252 /* Rx.xcodeproj */;
			proxyType = 2;
			remoteGlobalIDString = C809396D1B8A71760088E94D;
			remoteInfo = RxCocoa;
		};
		095F114C23DA132F00520252 /* PBXContainerItemProxy */ = {
			isa = PBXContainerItemProxy;
			containerPortal = 095F113B23DA132F00520252 /* Rx.xcodeproj */;
			proxyType = 2;
			remoteGlobalIDString = A2897D53225CA1E7004EA481;
			remoteInfo = RxRelay;
		};
		095F114E23DA132F00520252 /* PBXContainerItemProxy */ = {
			isa = PBXContainerItemProxy;
			containerPortal = 095F113B23DA132F00520252 /* Rx.xcodeproj */;
			proxyType = 2;
			remoteGlobalIDString = C8093BC71B8A71F00088E94D;
			remoteInfo = RxBlocking;
		};
		095F115023DA132F00520252 /* PBXContainerItemProxy */ = {
			isa = PBXContainerItemProxy;
			containerPortal = 095F113B23DA132F00520252 /* Rx.xcodeproj */;
			proxyType = 2;
			remoteGlobalIDString = C88FA50C1C25C44800CCFEA4;
			remoteInfo = RxTest;
		};
		095F115223DA132F00520252 /* PBXContainerItemProxy */ = {
			isa = PBXContainerItemProxy;
			containerPortal = 095F113B23DA132F00520252 /* Rx.xcodeproj */;
			proxyType = 2;
			remoteGlobalIDString = C83508C31C386F6F0027C24C;
			remoteInfo = "AllTests-iOS";
		};
		095F115423DA132F00520252 /* PBXContainerItemProxy */ = {
			isa = PBXContainerItemProxy;
			containerPortal = 095F113B23DA132F00520252 /* Rx.xcodeproj */;
			proxyType = 2;
			remoteGlobalIDString = C83509841C38740E0027C24C;
			remoteInfo = "AllTests-tvOS";
		};
		095F115623DA132F00520252 /* PBXContainerItemProxy */ = {
			isa = PBXContainerItemProxy;
			containerPortal = 095F113B23DA132F00520252 /* Rx.xcodeproj */;
			proxyType = 2;
			remoteGlobalIDString = C83509941C38742C0027C24C;
			remoteInfo = "AllTests-macOS";
		};
		095F115823DA132F00520252 /* PBXContainerItemProxy */ = {
			isa = PBXContainerItemProxy;
			containerPortal = 095F113B23DA132F00520252 /* Rx.xcodeproj */;
			proxyType = 2;
			remoteGlobalIDString = C85BA04B1C3878740075D68E;
			remoteInfo = Microoptimizations;
		};
		095F115A23DA132F00520252 /* PBXContainerItemProxy */ = {
			isa = PBXContainerItemProxy;
			containerPortal = 095F113B23DA132F00520252 /* Rx.xcodeproj */;
			proxyType = 2;
			remoteGlobalIDString = C8E8BA551E2C181A00A4AC2C;
			remoteInfo = Benchmarks;
		};
/* End PBXContainerItemProxy section */

/* Begin PBXCopyFilesBuildPhase section */
		095F116B23DA14D600520252 /* Embed Frameworks */ = {
			isa = PBXCopyFilesBuildPhase;
			buildActionMask = 2147483647;
			dstPath = "";
			dstSubfolderSpec = 10;
			files = (
				095F116A23DA14D600520252 /* RxSwift.framework in Embed Frameworks */,
				095F116823DA14D500520252 /* RxCocoa.framework in Embed Frameworks */,
				095F116D23DA159200520252 /* RxRelay.framework in Embed Frameworks */,
			);
			name = "Embed Frameworks";
			runOnlyForDeploymentPostprocessing = 0;
		};
/* End PBXCopyFilesBuildPhase section */

/* Begin PBXFileReference section */
		091F967B23DAA5B500938F78 /* GridMask.swift */ = {isa = PBXFileReference; lastKnownFileType = sourcecode.swift; path = GridMask.swift; sourceTree = "<group>"; };
		095F0F9723D9C25700520252 /* Grid.app */ = {isa = PBXFileReference; explicitFileType = wrapper.application; includeInIndex = 0; path = Grid.app; sourceTree = BUILT_PRODUCTS_DIR; };
		095F0F9A23D9C25700520252 /* AppDelegate.swift */ = {isa = PBXFileReference; lastKnownFileType = sourcecode.swift; path = AppDelegate.swift; sourceTree = "<group>"; };
		095F0F9C23D9C25700520252 /* SceneDelegate.swift */ = {isa = PBXFileReference; lastKnownFileType = sourcecode.swift; path = SceneDelegate.swift; sourceTree = "<group>"; };
		095F0F9E23D9C25700520252 /* ViewController.swift */ = {isa = PBXFileReference; lastKnownFileType = sourcecode.swift; path = ViewController.swift; sourceTree = "<group>"; };
		095F0FA123D9C25700520252 /* Base */ = {isa = PBXFileReference; lastKnownFileType = file.storyboard; name = Base; path = Base.lproj/Main.storyboard; sourceTree = "<group>"; };
		095F0FA323D9C25900520252 /* Assets.xcassets */ = {isa = PBXFileReference; lastKnownFileType = folder.assetcatalog; path = Assets.xcassets; sourceTree = "<group>"; };
		095F0FA623D9C25900520252 /* Base */ = {isa = PBXFileReference; lastKnownFileType = file.storyboard; name = Base; path = Base.lproj/LaunchScreen.storyboard; sourceTree = "<group>"; };
		095F0FA823D9C25900520252 /* Info.plist */ = {isa = PBXFileReference; lastKnownFileType = text.plist.xml; path = Info.plist; sourceTree = "<group>"; };
		095F0FAE23D9D4CE00520252 /* SizeTools.swift */ = {isa = PBXFileReference; lastKnownFileType = sourcecode.swift; path = SizeTools.swift; sourceTree = "<group>"; };
		095F0FB023D9FAD400520252 /* GridView.swift */ = {isa = PBXFileReference; lastKnownFileType = sourcecode.swift; path = GridView.swift; sourceTree = "<group>"; };
		095F0FB223D9FAF300520252 /* GridView.xib */ = {isa = PBXFileReference; lastKnownFileType = file.xib; path = GridView.xib; sourceTree = "<group>"; };
		095F0FB423DA006E00520252 /* ActiveLine.swift */ = {isa = PBXFileReference; lastKnownFileType = sourcecode.swift; path = ActiveLine.swift; sourceTree = "<group>"; };
		095F113B23DA132F00520252 /* Rx.xcodeproj */ = {isa = PBXFileReference; lastKnownFileType = "wrapper.pb-project"; name = Rx.xcodeproj; path = ../RxSwift/Rx.xcodeproj; sourceTree = "<group>"; };
		09CBE53B23DC2E6700746D57 /* LayerManager.swift */ = {isa = PBXFileReference; lastKnownFileType = sourcecode.swift; path = LayerManager.swift; sourceTree = "<group>"; };
		09CBE54723DC341C00746D57 /* DropDown.swift */ = {isa = PBXFileReference; lastKnownFileType = sourcecode.swift; path = DropDown.swift; sourceTree = "<group>"; };
		09CBE54923DC727C00746D57 /* LayerCollectionCell.swift */ = {isa = PBXFileReference; lastKnownFileType = sourcecode.swift; path = LayerCollectionCell.swift; sourceTree = "<group>"; };
/* End PBXFileReference section */

/* Begin PBXFrameworksBuildPhase section */
		095F0F9423D9C25700520252 /* Frameworks */ = {
			isa = PBXFrameworksBuildPhase;
			buildActionMask = 2147483647;
			files = (
				095F116923DA14D500520252 /* RxSwift.framework in Frameworks */,
				095F116723DA14D500520252 /* RxCocoa.framework in Frameworks */,
				095F116C23DA159200520252 /* RxRelay.framework in Frameworks */,
			);
			runOnlyForDeploymentPostprocessing = 0;
		};
/* End PBXFrameworksBuildPhase section */

/* Begin PBXGroup section */
		095F0F8E23D9C25700520252 = {
			isa = PBXGroup;
			children = (
				095F113B23DA132F00520252 /* Rx.xcodeproj */,
				095F0F9923D9C25700520252 /* Grid */,
				095F0F9823D9C25700520252 /* Products */,
				095F112E23DA123300520252 /* Frameworks */,
			);
			sourceTree = "<group>";
		};
		095F0F9823D9C25700520252 /* Products */ = {
			isa = PBXGroup;
			children = (
				095F0F9723D9C25700520252 /* Grid.app */,
			);
			name = Products;
			sourceTree = "<group>";
		};
		095F0F9923D9C25700520252 /* Grid */ = {
			isa = PBXGroup;
			children = (
				095F0F9A23D9C25700520252 /* AppDelegate.swift */,
				095F0F9C23D9C25700520252 /* SceneDelegate.swift */,
				095F0F9E23D9C25700520252 /* ViewController.swift */,
				095F0FA023D9C25700520252 /* Main.storyboard */,
				095F0FA323D9C25900520252 /* Assets.xcassets */,
				095F0FA523D9C25900520252 /* LaunchScreen.storyboard */,
				095F0FA823D9C25900520252 /* Info.plist */,
				09CBE53B23DC2E6700746D57 /* LayerManager.swift */,
				095F0FAE23D9D4CE00520252 /* SizeTools.swift */,
				095F0FB023D9FAD400520252 /* GridView.swift */,
				095F0FB223D9FAF300520252 /* GridView.xib */,
				095F0FB423DA006E00520252 /* ActiveLine.swift */,
				091F967B23DAA5B500938F78 /* GridMask.swift */,
				09CBE54723DC341C00746D57 /* DropDown.swift */,
				09CBE54923DC727C00746D57 /* LayerCollectionCell.swift */,
			);
			path = Grid;
			sourceTree = "<group>";
		};
		095F112E23DA123300520252 /* Frameworks */ = {
			isa = PBXGroup;
			children = (
			);
			name = Frameworks;
			sourceTree = "<group>";
		};
		095F113C23DA132F00520252 /* Products */ = {
			isa = PBXGroup;
			children = (
				095F114923DA132F00520252 /* RxSwift.framework */,
				095F114B23DA132F00520252 /* RxCocoa.framework */,
				095F114D23DA132F00520252 /* RxRelay.framework */,
				095F114F23DA132F00520252 /* RxBlocking.framework */,
				095F115123DA132F00520252 /* RxTest.framework */,
				095F115323DA132F00520252 /* AllTests-iOS.xctest */,
				095F115523DA132F00520252 /* AllTests-tvOS.xctest */,
				095F115723DA132F00520252 /* AllTests-macOS.xctest */,
				095F115923DA132F00520252 /* PerformanceTests.app */,
				095F115B23DA132F00520252 /* Benchmarks.xctest */,
			);
			name = Products;
			sourceTree = "<group>";
		};
/* End PBXGroup section */

/* Begin PBXNativeTarget section */
		095F0F9623D9C25700520252 /* Grid */ = {
			isa = PBXNativeTarget;
			buildConfigurationList = 095F0FAB23D9C25900520252 /* Build configuration list for PBXNativeTarget "Grid" */;
			buildPhases = (
				095F0F9323D9C25700520252 /* Sources */,
				095F0F9423D9C25700520252 /* Frameworks */,
				095F0F9523D9C25700520252 /* Resources */,
				095F116B23DA14D600520252 /* Embed Frameworks */,
			);
			buildRules = (
			);
			dependencies = (
			);
			name = Grid;
			productName = Grid;
			productReference = 095F0F9723D9C25700520252 /* Grid.app */;
			productType = "com.apple.product-type.application";
		};
/* End PBXNativeTarget section */

/* Begin PBXProject section */
		095F0F8F23D9C25700520252 /* Project object */ = {
			isa = PBXProject;
			attributes = {
				LastSwiftUpdateCheck = 1130;
				LastUpgradeCheck = 1130;
				ORGANIZATIONNAME = "LiLi Kazine";
				TargetAttributes = {
					095F0F9623D9C25700520252 = {
						CreatedOnToolsVersion = 11.3.1;
					};
				};
			};
			buildConfigurationList = 095F0F9223D9C25700520252 /* Build configuration list for PBXProject "Grid" */;
			compatibilityVersion = "Xcode 9.3";
			developmentRegion = en;
			hasScannedForEncodings = 0;
			knownRegions = (
				en,
				Base,
			);
			mainGroup = 095F0F8E23D9C25700520252;
			productRefGroup = 095F0F9823D9C25700520252 /* Products */;
			projectDirPath = "";
			projectReferences = (
				{
					ProductGroup = 095F113C23DA132F00520252 /* Products */;
					ProjectRef = 095F113B23DA132F00520252 /* Rx.xcodeproj */;
				},
			);
			projectRoot = "";
			targets = (
				095F0F9623D9C25700520252 /* Grid */,
			);
		};
/* End PBXProject section */

/* Begin PBXReferenceProxy section */
		095F114923DA132F00520252 /* RxSwift.framework */ = {
			isa = PBXReferenceProxy;
			fileType = wrapper.framework;
			path = RxSwift.framework;
			remoteRef = 095F114823DA132F00520252 /* PBXContainerItemProxy */;
			sourceTree = BUILT_PRODUCTS_DIR;
		};
		095F114B23DA132F00520252 /* RxCocoa.framework */ = {
			isa = PBXReferenceProxy;
			fileType = wrapper.framework;
			path = RxCocoa.framework;
			remoteRef = 095F114A23DA132F00520252 /* PBXContainerItemProxy */;
			sourceTree = BUILT_PRODUCTS_DIR;
		};
		095F114D23DA132F00520252 /* RxRelay.framework */ = {
			isa = PBXReferenceProxy;
			fileType = wrapper.framework;
			path = RxRelay.framework;
			remoteRef = 095F114C23DA132F00520252 /* PBXContainerItemProxy */;
			sourceTree = BUILT_PRODUCTS_DIR;
		};
		095F114F23DA132F00520252 /* RxBlocking.framework */ = {
			isa = PBXReferenceProxy;
			fileType = wrapper.framework;
			path = RxBlocking.framework;
			remoteRef = 095F114E23DA132F00520252 /* PBXContainerItemProxy */;
			sourceTree = BUILT_PRODUCTS_DIR;
		};
		095F115123DA132F00520252 /* RxTest.framework */ = {
			isa = PBXReferenceProxy;
			fileType = wrapper.framework;
			path = RxTest.framework;
			remoteRef = 095F115023DA132F00520252 /* PBXContainerItemProxy */;
			sourceTree = BUILT_PRODUCTS_DIR;
		};
		095F115323DA132F00520252 /* AllTests-iOS.xctest */ = {
			isa = PBXReferenceProxy;
			fileType = wrapper.cfbundle;
			path = "AllTests-iOS.xctest";
			remoteRef = 095F115223DA132F00520252 /* PBXContainerItemProxy */;
			sourceTree = BUILT_PRODUCTS_DIR;
		};
		095F115523DA132F00520252 /* AllTests-tvOS.xctest */ = {
			isa = PBXReferenceProxy;
			fileType = wrapper.cfbundle;
			path = "AllTests-tvOS.xctest";
			remoteRef = 095F115423DA132F00520252 /* PBXContainerItemProxy */;
			sourceTree = BUILT_PRODUCTS_DIR;
		};
		095F115723DA132F00520252 /* AllTests-macOS.xctest */ = {
			isa = PBXReferenceProxy;
			fileType = wrapper.cfbundle;
			path = "AllTests-macOS.xctest";
			remoteRef = 095F115623DA132F00520252 /* PBXContainerItemProxy */;
			sourceTree = BUILT_PRODUCTS_DIR;
		};
		095F115923DA132F00520252 /* PerformanceTests.app */ = {
			isa = PBXReferenceProxy;
			fileType = wrapper.application;
			name = PerformanceTests.app;
			path = Microoptimizations.app;
			remoteRef = 095F115823DA132F00520252 /* PBXContainerItemProxy */;
			sourceTree = BUILT_PRODUCTS_DIR;
		};
		095F115B23DA132F00520252 /* Benchmarks.xctest */ = {
			isa = PBXReferenceProxy;
			fileType = wrapper.cfbundle;
			path = Benchmarks.xctest;
			remoteRef = 095F115A23DA132F00520252 /* PBXContainerItemProxy */;
			sourceTree = BUILT_PRODUCTS_DIR;
		};
/* End PBXReferenceProxy section */

/* Begin PBXResourcesBuildPhase section */
		095F0F9523D9C25700520252 /* Resources */ = {
			isa = PBXResourcesBuildPhase;
			buildActionMask = 2147483647;
			files = (
				095F0FA723D9C25900520252 /* LaunchScreen.storyboard in Resources */,
				095F0FA423D9C25900520252 /* Assets.xcassets in Resources */,
				095F0FB323D9FAF300520252 /* GridView.xib in Resources */,
				095F0FA223D9C25700520252 /* Main.storyboard in Resources */,
			);
			runOnlyForDeploymentPostprocessing = 0;
		};
/* End PBXResourcesBuildPhase section */

/* Begin PBXSourcesBuildPhase section */
		095F0F9323D9C25700520252 /* Sources */ = {
			isa = PBXSourcesBuildPhase;
			buildActionMask = 2147483647;
			files = (
				095F0F9F23D9C25700520252 /* ViewController.swift in Sources */,
				095F0FB523DA006E00520252 /* ActiveLine.swift in Sources */,
				095F0F9B23D9C25700520252 /* AppDelegate.swift in Sources */,
				09CBE53C23DC2E6700746D57 /* LayerManager.swift in Sources */,
				091F967C23DAA5B500938F78 /* GridMask.swift in Sources */,
				09CBE54A23DC727C00746D57 /* LayerCollectionCell.swift in Sources */,
				095F0F9D23D9C25700520252 /* SceneDelegate.swift in Sources */,
				095F0FB123D9FAD400520252 /* GridView.swift in Sources */,
				095F0FAF23D9D4CE00520252 /* SizeTools.swift in Sources */,
				09CBE54823DC341C00746D57 /* DropDown.swift in Sources */,
			);
			runOnlyForDeploymentPostprocessing = 0;
		};
/* End PBXSourcesBuildPhase section */

/* Begin PBXVariantGroup section */
		095F0FA023D9C25700520252 /* Main.storyboard */ = {
			isa = PBXVariantGroup;
			children = (
				095F0FA123D9C25700520252 /* Base */,
			);
			name = Main.storyboard;
			sourceTree = "<group>";
		};
		095F0FA523D9C25900520252 /* LaunchScreen.storyboard */ = {
			isa = PBXVariantGroup;
			children = (
				095F0FA623D9C25900520252 /* Base */,
			);
			name = LaunchScreen.storyboard;
			sourceTree = "<group>";
		};
/* End PBXVariantGroup section */

/* Begin XCBuildConfiguration section */
		095F0FA923D9C25900520252 /* Debug */ = {
			isa = XCBuildConfiguration;
			buildSettings = {
				ALWAYS_SEARCH_USER_PATHS = NO;
				CLANG_ANALYZER_NONNULL = YES;
				CLANG_ANALYZER_NUMBER_OBJECT_CONVERSION = YES_AGGRESSIVE;
				CLANG_CXX_LANGUAGE_STANDARD = "gnu++14";
				CLANG_CXX_LIBRARY = "libc++";
				CLANG_ENABLE_MODULES = YES;
				CLANG_ENABLE_OBJC_ARC = YES;
				CLANG_ENABLE_OBJC_WEAK = YES;
				CLANG_WARN_BLOCK_CAPTURE_AUTORELEASING = YES;
				CLANG_WARN_BOOL_CONVERSION = YES;
				CLANG_WARN_COMMA = YES;
				CLANG_WARN_CONSTANT_CONVERSION = YES;
				CLANG_WARN_DEPRECATED_OBJC_IMPLEMENTATIONS = YES;
				CLANG_WARN_DIRECT_OBJC_ISA_USAGE = YES_ERROR;
				CLANG_WARN_DOCUMENTATION_COMMENTS = YES;
				CLANG_WARN_EMPTY_BODY = YES;
				CLANG_WARN_ENUM_CONVERSION = YES;
				CLANG_WARN_INFINITE_RECURSION = YES;
				CLANG_WARN_INT_CONVERSION = YES;
				CLANG_WARN_NON_LITERAL_NULL_CONVERSION = YES;
				CLANG_WARN_OBJC_IMPLICIT_RETAIN_SELF = YES;
				CLANG_WARN_OBJC_LITERAL_CONVERSION = YES;
				CLANG_WARN_OBJC_ROOT_CLASS = YES_ERROR;
				CLANG_WARN_RANGE_LOOP_ANALYSIS = YES;
				CLANG_WARN_STRICT_PROTOTYPES = YES;
				CLANG_WARN_SUSPICIOUS_MOVE = YES;
				CLANG_WARN_UNGUARDED_AVAILABILITY = YES_AGGRESSIVE;
				CLANG_WARN_UNREACHABLE_CODE = YES;
				CLANG_WARN__DUPLICATE_METHOD_MATCH = YES;
				COPY_PHASE_STRIP = NO;
				DEBUG_INFORMATION_FORMAT = dwarf;
				ENABLE_STRICT_OBJC_MSGSEND = YES;
				ENABLE_TESTABILITY = YES;
				GCC_C_LANGUAGE_STANDARD = gnu11;
				GCC_DYNAMIC_NO_PIC = NO;
				GCC_NO_COMMON_BLOCKS = YES;
				GCC_OPTIMIZATION_LEVEL = 0;
				GCC_PREPROCESSOR_DEFINITIONS = (
					"DEBUG=1",
					"$(inherited)",
				);
				GCC_WARN_64_TO_32_BIT_CONVERSION = YES;
				GCC_WARN_ABOUT_RETURN_TYPE = YES_ERROR;
				GCC_WARN_UNDECLARED_SELECTOR = YES;
				GCC_WARN_UNINITIALIZED_AUTOS = YES_AGGRESSIVE;
				GCC_WARN_UNUSED_FUNCTION = YES;
				GCC_WARN_UNUSED_VARIABLE = YES;
				IPHONEOS_DEPLOYMENT_TARGET = 13.2;
				MTL_ENABLE_DEBUG_INFO = INCLUDE_SOURCE;
				MTL_FAST_MATH = YES;
				ONLY_ACTIVE_ARCH = YES;
				SDKROOT = iphoneos;
				SWIFT_ACTIVE_COMPILATION_CONDITIONS = DEBUG;
				SWIFT_OPTIMIZATION_LEVEL = "-Onone";
			};
			name = Debug;
		};
		095F0FAA23D9C25900520252 /* Release */ = {
			isa = XCBuildConfiguration;
			buildSettings = {
				ALWAYS_SEARCH_USER_PATHS = NO;
				CLANG_ANALYZER_NONNULL = YES;
				CLANG_ANALYZER_NUMBER_OBJECT_CONVERSION = YES_AGGRESSIVE;
				CLANG_CXX_LANGUAGE_STANDARD = "gnu++14";
				CLANG_CXX_LIBRARY = "libc++";
				CLANG_ENABLE_MODULES = YES;
				CLANG_ENABLE_OBJC_ARC = YES;
				CLANG_ENABLE_OBJC_WEAK = YES;
				CLANG_WARN_BLOCK_CAPTURE_AUTORELEASING = YES;
				CLANG_WARN_BOOL_CONVERSION = YES;
				CLANG_WARN_COMMA = YES;
				CLANG_WARN_CONSTANT_CONVERSION = YES;
				CLANG_WARN_DEPRECATED_OBJC_IMPLEMENTATIONS = YES;
				CLANG_WARN_DIRECT_OBJC_ISA_USAGE = YES_ERROR;
				CLANG_WARN_DOCUMENTATION_COMMENTS = YES;
				CLANG_WARN_EMPTY_BODY = YES;
				CLANG_WARN_ENUM_CONVERSION = YES;
				CLANG_WARN_INFINITE_RECURSION = YES;
				CLANG_WARN_INT_CONVERSION = YES;
				CLANG_WARN_NON_LITERAL_NULL_CONVERSION = YES;
				CLANG_WARN_OBJC_IMPLICIT_RETAIN_SELF = YES;
				CLANG_WARN_OBJC_LITERAL_CONVERSION = YES;
				CLANG_WARN_OBJC_ROOT_CLASS = YES_ERROR;
				CLANG_WARN_RANGE_LOOP_ANALYSIS = YES;
				CLANG_WARN_STRICT_PROTOTYPES = YES;
				CLANG_WARN_SUSPICIOUS_MOVE = YES;
				CLANG_WARN_UNGUARDED_AVAILABILITY = YES_AGGRESSIVE;
				CLANG_WARN_UNREACHABLE_CODE = YES;
				CLANG_WARN__DUPLICATE_METHOD_MATCH = YES;
				COPY_PHASE_STRIP = NO;
				DEBUG_INFORMATION_FORMAT = "dwarf-with-dsym";
				ENABLE_NS_ASSERTIONS = NO;
				ENABLE_STRICT_OBJC_MSGSEND = YES;
				GCC_C_LANGUAGE_STANDARD = gnu11;
				GCC_NO_COMMON_BLOCKS = YES;
				GCC_WARN_64_TO_32_BIT_CONVERSION = YES;
				GCC_WARN_ABOUT_RETURN_TYPE = YES_ERROR;
				GCC_WARN_UNDECLARED_SELECTOR = YES;
				GCC_WARN_UNINITIALIZED_AUTOS = YES_AGGRESSIVE;
				GCC_WARN_UNUSED_FUNCTION = YES;
				GCC_WARN_UNUSED_VARIABLE = YES;
				IPHONEOS_DEPLOYMENT_TARGET = 13.2;
				MTL_ENABLE_DEBUG_INFO = NO;
				MTL_FAST_MATH = YES;
				SDKROOT = iphoneos;
				SWIFT_COMPILATION_MODE = wholemodule;
				SWIFT_OPTIMIZATION_LEVEL = "-O";
				VALIDATE_PRODUCT = YES;
			};
			name = Release;
		};
		095F0FAC23D9C25900520252 /* Debug */ = {
			isa = XCBuildConfiguration;
			buildSettings = {
				ASSETCATALOG_COMPILER_APPICON_NAME = AppIcon;
				CODE_SIGN_STYLE = Automatic;
				DEVELOPMENT_TEAM = PJBUF7JSHK;
				INFOPLIST_FILE = Grid/Info.plist;
				LD_RUNPATH_SEARCH_PATHS = (
					"$(inherited)",
					"@executable_path/Frameworks",
				);
				PRODUCT_BUNDLE_IDENTIFIER = io.github.lilikazine.Grid;
				PRODUCT_NAME = "$(TARGET_NAME)";
				SWIFT_VERSION = 5.0;
				TARGETED_DEVICE_FAMILY = "1,2";
			};
			name = Debug;
		};
		095F0FAD23D9C25900520252 /* Release */ = {
			isa = XCBuildConfiguration;
			buildSettings = {
				ASSETCATALOG_COMPILER_APPICON_NAME = AppIcon;
				CODE_SIGN_STYLE = Automatic;
				DEVELOPMENT_TEAM = PJBUF7JSHK;
				INFOPLIST_FILE = Grid/Info.plist;
				LD_RUNPATH_SEARCH_PATHS = (
					"$(inherited)",
					"@executable_path/Frameworks",
				);
				PRODUCT_BUNDLE_IDENTIFIER = io.github.lilikazine.Grid;
				PRODUCT_NAME = "$(TARGET_NAME)";
				SWIFT_VERSION = 5.0;
				TARGETED_DEVICE_FAMILY = "1,2";
			};
			name = Release;
		};
/* End XCBuildConfiguration section */

/* Begin XCConfigurationList section */
		095F0F9223D9C25700520252 /* Build configuration list for PBXProject "Grid" */ = {
			isa = XCConfigurationList;
			buildConfigurations = (
				095F0FA923D9C25900520252 /* Debug */,
				095F0FAA23D9C25900520252 /* Release */,
			);
			defaultConfigurationIsVisible = 0;
			defaultConfigurationName = Release;
		};
		095F0FAB23D9C25900520252 /* Build configuration list for PBXNativeTarget "Grid" */ = {
			isa = XCConfigurationList;
			buildConfigurations = (
				095F0FAC23D9C25900520252 /* Debug */,
				095F0FAD23D9C25900520252 /* Release */,
			);
			defaultConfigurationIsVisible = 0;
			defaultConfigurationName = Release;
		};
/* End XCConfigurationList section */
	};
	rootObject = 095F0F8F23D9C25700520252 /* Project object */;
}
